
Microsoft Visual Studio Solution File, Format Version 12.00
# Visual Studio 15
VisualStudioVersion = 15.0.28307.168
MinimumVisualStudioVersion = 10.0.40219.1
Project("{FAE04EC0-301F-11D3-BF4B-00C04F79EFBC}") = "KitchenAide", "KitchenAide\KitchenAide.csproj", "{3E35B88E-1A49-4FF7-BA91-EBF25E6DB40D}"
EndProject
Global
	GlobalSection(SolutionConfigurationPlatforms) = preSolution
		Debug|Any CPU = Debug|Any CPU
		Release|Any CPU = Release|Any CPU
	EndGlobalSection
	GlobalSection(ProjectConfigurationPlatforms) = postSolution
		{3E35B88E-1A49-4FF7-BA91-EBF25E6DB40D}.Debug|Any CPU.ActiveCfg = Debug|Any CPU
		{3E35B88E-1A49-4FF7-BA91-EBF25E6DB40D}.Debug|Any CPU.Build.0 = Debug|Any CPU
		{3E35B88E-1A49-4FF7-BA91-EBF25E6DB40D}.Release|Any CPU.ActiveCfg = Release|Any CPU
		{3E35B88E-1A49-4FF7-BA91-EBF25E6DB40D}.Release|Any CPU.Build.0 = Release|Any CPU
	EndGlobalSection
	GlobalSection(SolutionProperties) = preSolution
		HideSolutionNode = FALSE
	EndGlobalSection
	GlobalSection(ExtensibilityGlobals) = postSolution
		SolutionGuid = {5CA4582D-C14C-4D6A-BA3B-6A5A44C19CF4}
	EndGlobalSection
EndGlobal
